
Microsoft Visual Studio Solution File, Format Version 12.00
# Visual Studio Version 16
VisualStudioVersion = 16.0.29503.13
MinimumVisualStudioVersion = 10.0.40219.1
Project("{9A19103F-16F7-4668-BE54-9A1E7A4F7556}") = "BBS.Web", "BBS.Web\BBS.Web.csproj", "{6A2D1171-5493-4E07-AD25-2F3E266E45BA}"
EndProject
Project("{9A19103F-16F7-4668-BE54-9A1E7A4F7556}") = "BBS.Domain", "BBS.Domain\BBS.Domain.csproj", "{F7F5F491-6786-4402-B7A2-F33FF1D68C58}"
EndProject
Project("{9A19103F-16F7-4668-BE54-9A1E7A4F7556}") = "BBS.Framework", "BBS.Framework\BBS.Framework.csproj", "{23E4E581-87E2-488F-A93E-DFEB5A31A772}"
EndProject
Project("{9A19103F-16F7-4668-BE54-9A1E7A4F7556}") = "BBS.Models", "BBS.Models\BBS.Models.csproj", "{A4DAD037-7EBA-4F7E-ADF6-66B8503A4814}"
EndProject
Project("{9A19103F-16F7-4668-BE54-9A1E7A4F7556}") = "BBS.Requests", "BBS.Requests\BBS.Requests.csproj", "{8F2618F7-2D4A-487A-9927-3D17FF5A592D}"
EndProject
Project("{9A19103F-16F7-4668-BE54-9A1E7A4F7556}") = "BBS.Spider", "BBS.ConsoleApp1\BBS.Spider.csproj", "{E6AA74A5-2B75-448C-B4CA-4E8E9358C650}"
EndProject
Global
	GlobalSection(SolutionConfigurationPlatforms) = preSolution
		Debug|Any CPU = Debug|Any CPU
		Release|Any CPU = Release|Any CPU
	EndGlobalSection
	GlobalSection(ProjectConfigurationPlatforms) = postSolution
		{6A2D1171-5493-4E07-AD25-2F3E266E45BA}.Debug|Any CPU.ActiveCfg = Debug|Any CPU
		{6A2D1171-5493-4E07-AD25-2F3E266E45BA}.Debug|Any CPU.Build.0 = Debug|Any CPU
		{6A2D1171-5493-4E07-AD25-2F3E266E45BA}.Release|Any CPU.ActiveCfg = Release|Any CPU
		{6A2D1171-5493-4E07-AD25-2F3E266E45BA}.Release|Any CPU.Build.0 = Release|Any CPU
		{F7F5F491-6786-4402-B7A2-F33FF1D68C58}.Debug|Any CPU.ActiveCfg = Debug|Any CPU
		{F7F5F491-6786-4402-B7A2-F33FF1D68C58}.Debug|Any CPU.Build.0 = Debug|Any CPU
		{F7F5F491-6786-4402-B7A2-F33FF1D68C58}.Release|Any CPU.ActiveCfg = Release|Any CPU
		{F7F5F491-6786-4402-B7A2-F33FF1D68C58}.Release|Any CPU.Build.0 = Release|Any CPU
		{23E4E581-87E2-488F-A93E-DFEB5A31A772}.Debug|Any CPU.ActiveCfg = Debug|Any CPU
		{23E4E581-87E2-488F-A93E-DFEB5A31A772}.Debug|Any CPU.Build.0 = Debug|Any CPU
		{23E4E581-87E2-488F-A93E-DFEB5A31A772}.Release|Any CPU.ActiveCfg = Release|Any CPU
		{23E4E581-87E2-488F-A93E-DFEB5A31A772}.Release|Any CPU.Build.0 = Release|Any CPU
		{A4DAD037-7EBA-4F7E-ADF6-66B8503A4814}.Debug|Any CPU.ActiveCfg = Debug|Any CPU
		{A4DAD037-7EBA-4F7E-ADF6-66B8503A4814}.Debug|Any CPU.Build.0 = Debug|Any CPU
		{A4DAD037-7EBA-4F7E-ADF6-66B8503A4814}.Release|Any CPU.ActiveCfg = Release|Any CPU
		{A4DAD037-7EBA-4F7E-ADF6-66B8503A4814}.Release|Any CPU.Build.0 = Release|Any CPU
		{8F2618F7-2D4A-487A-9927-3D17FF5A592D}.Debug|Any CPU.ActiveCfg = Debug|Any CPU
		{8F2618F7-2D4A-487A-9927-3D17FF5A592D}.Debug|Any CPU.Build.0 = Debug|Any CPU
		{8F2618F7-2D4A-487A-9927-3D17FF5A592D}.Release|Any CPU.ActiveCfg = Release|Any CPU
		{8F2618F7-2D4A-487A-9927-3D17FF5A592D}.Release|Any CPU.Build.0 = Release|Any CPU
		{E6AA74A5-2B75-448C-B4CA-4E8E9358C650}.Debug|Any CPU.ActiveCfg = Debug|Any CPU
		{E6AA74A5-2B75-448C-B4CA-4E8E9358C650}.Debug|Any CPU.Build.0 = Debug|Any CPU
		{E6AA74A5-2B75-448C-B4CA-4E8E9358C650}.Release|Any CPU.ActiveCfg = Release|Any CPU
		{E6AA74A5-2B75-448C-B4CA-4E8E9358C650}.Release|Any CPU.Build.0 = Release|Any CPU
	EndGlobalSection
	GlobalSection(SolutionProperties) = preSolution
		HideSolutionNode = FALSE
	EndGlobalSection
	GlobalSection(ExtensibilityGlobals) = postSolution
		SolutionGuid = {B935B345-46B8-4F42-B511-51703A999B11}
	EndGlobalSection
EndGlobal
